# https://github.com/wimpysworld/nix-config/blob/main/.github/workflows/lock-updater.yml
name: Flake ❄️ Lock 🔒️ Updater ✨

on:
  schedule:
    - cron: "*/4 * * * 0,2,4,6"
  push:
    branches:
      - "v2"
  pull_request:
  workflow_dispatch:

jobs:
  check:
    name: Flake Lock Updater
    runs-on: ubuntu-latest
    permissions:
      id-token: "write"
      contents: "read"
      pull-requests: write
    steps:
      - uses: actions/checkout@v4
      - uses: DeterminateSystems/nix-installer-action@main
      - uses: DeterminateSystems/magic-nix-cache-action@main
      - uses: DeterminateSystems/update-flake-lock@main
